
Microsoft Visual Studio Solution File, Format Version 12.00
# Visual Studio Version 17
VisualStudioVersion = 17.12.35527.113 d17.12
MinimumVisualStudioVersion = 10.0.40219.1
Project("{2150E333-8FDC-42A3-9474-1A3956D46DE8}") = "Application", "Application", "{E2E91564-ECA3-44BE-92A0-61F0FA10D68D}"
EndProject
Project("{2150E333-8FDC-42A3-9474-1A3956D46DE8}") = "Domain", "Domain", "{CDF9F1CD-B97E-4F2C-9899-BFF51E531CF8}"
EndProject
Project("{2150E333-8FDC-42A3-9474-1A3956D46DE8}") = "Infrastructure", "Infrastructure", "{86D24A89-DB57-4674-A4BE-E59AFB02BF72}"
EndProject
Project("{2150E333-8FDC-42A3-9474-1A3956D46DE8}") = "Service", "Service", "{241155B4-7A7F-4790-AB61-D5559F0B2966}"
EndProject
Project("{2150E333-8FDC-42A3-9474-1A3956D46DE8}") = "Test", "Test", "{5D5B0061-649E-458A-AB6B-2ED22B9D67BE}"
EndProject
Project("{2150E333-8FDC-42A3-9474-1A3956D46DE8}") = "Transversal", "Transversal", "{5540F088-60AC-468A-B6F6-BE83EA255691}"
EndProject
Project("{FAE04EC0-301F-11D3-BF4B-00C04F79EFBC}") = "Common", "Common\Common.csproj", "{BDB03F33-FAE1-44C6-989E-A07988B9D938}"
EndProject
Project("{FAE04EC0-301F-11D3-BF4B-00C04F79EFBC}") = "Logging", "Logging\Logging.csproj", "{E231A40A-F939-4267-8907-F8EE874C1F1B}"
EndProject
Project("{FAE04EC0-301F-11D3-BF4B-00C04F79EFBC}") = "Domain", "Domain\Domain.csproj", "{160E315F-34BC-47C3-9A93-DC33917A5E0F}"
EndProject
Project("{FAE04EC0-301F-11D3-BF4B-00C04F79EFBC}") = "DTO", "DTO\DTO.csproj", "{B9B28934-A314-41B8-8676-6670B1118430}"
EndProject
Project("{FAE04EC0-301F-11D3-BF4B-00C04F79EFBC}") = "Interface", "Interface\Interface.csproj", "{FBC44F6C-D6AE-47D7-8753-F613FAA597C4}"
EndProject
Project("{FAE04EC0-301F-11D3-BF4B-00C04F79EFBC}") = "UseCases", "UseCases\UseCases.csproj", "{45DB6D7F-61DD-4197-98CA-34BD6AC66CB2}"
EndProject
Project("{FAE04EC0-301F-11D3-BF4B-00C04F79EFBC}") = "Validator", "Validator\Validator.csproj", "{48E6D73A-DD49-4042-A911-51372B10E6DE}"
EndProject
Project("{FAE04EC0-301F-11D3-BF4B-00C04F79EFBC}") = "Persistence", "Persistence\Persistence.csproj", "{F636F231-B6EC-4265-9DB2-7A709DC7FE7A}"
EndProject
Project("{FAE04EC0-301F-11D3-BF4B-00C04F79EFBC}") = "WebApi", "WebApi\WebApi.csproj", "{5EEADCD5-056C-41B7-985A-D05BB878346E}"
EndProject
Global
	GlobalSection(SolutionConfigurationPlatforms) = preSolution
		Debug|Any CPU = Debug|Any CPU
		Release|Any CPU = Release|Any CPU
	EndGlobalSection
	GlobalSection(ProjectConfigurationPlatforms) = postSolution
		{BDB03F33-FAE1-44C6-989E-A07988B9D938}.Debug|Any CPU.ActiveCfg = Debug|Any CPU
		{BDB03F33-FAE1-44C6-989E-A07988B9D938}.Debug|Any CPU.Build.0 = Debug|Any CPU
		{BDB03F33-FAE1-44C6-989E-A07988B9D938}.Release|Any CPU.ActiveCfg = Release|Any CPU
		{BDB03F33-FAE1-44C6-989E-A07988B9D938}.Release|Any CPU.Build.0 = Release|Any CPU
		{E231A40A-F939-4267-8907-F8EE874C1F1B}.Debug|Any CPU.ActiveCfg = Debug|Any CPU
		{E231A40A-F939-4267-8907-F8EE874C1F1B}.Debug|Any CPU.Build.0 = Debug|Any CPU
		{E231A40A-F939-4267-8907-F8EE874C1F1B}.Release|Any CPU.ActiveCfg = Release|Any CPU
		{E231A40A-F939-4267-8907-F8EE874C1F1B}.Release|Any CPU.Build.0 = Release|Any CPU
		{160E315F-34BC-47C3-9A93-DC33917A5E0F}.Debug|Any CPU.ActiveCfg = Debug|Any CPU
		{160E315F-34BC-47C3-9A93-DC33917A5E0F}.Debug|Any CPU.Build.0 = Debug|Any CPU
		{160E315F-34BC-47C3-9A93-DC33917A5E0F}.Release|Any CPU.ActiveCfg = Release|Any CPU
		{160E315F-34BC-47C3-9A93-DC33917A5E0F}.Release|Any CPU.Build.0 = Release|Any CPU
		{B9B28934-A314-41B8-8676-6670B1118430}.Debug|Any CPU.ActiveCfg = Debug|Any CPU
		{B9B28934-A314-41B8-8676-6670B1118430}.Debug|Any CPU.Build.0 = Debug|Any CPU
		{B9B28934-A314-41B8-8676-6670B1118430}.Release|Any CPU.ActiveCfg = Release|Any CPU
		{B9B28934-A314-41B8-8676-6670B1118430}.Release|Any CPU.Build.0 = Release|Any CPU
		{FBC44F6C-D6AE-47D7-8753-F613FAA597C4}.Debug|Any CPU.ActiveCfg = Debug|Any CPU
		{FBC44F6C-D6AE-47D7-8753-F613FAA597C4}.Debug|Any CPU.Build.0 = Debug|Any CPU
		{FBC44F6C-D6AE-47D7-8753-F613FAA597C4}.Release|Any CPU.ActiveCfg = Release|Any CPU
		{FBC44F6C-D6AE-47D7-8753-F613FAA597C4}.Release|Any CPU.Build.0 = Release|Any CPU
		{45DB6D7F-61DD-4197-98CA-34BD6AC66CB2}.Debug|Any CPU.ActiveCfg = Debug|Any CPU
		{45DB6D7F-61DD-4197-98CA-34BD6AC66CB2}.Debug|Any CPU.Build.0 = Debug|Any CPU
		{45DB6D7F-61DD-4197-98CA-34BD6AC66CB2}.Release|Any CPU.ActiveCfg = Release|Any CPU
		{45DB6D7F-61DD-4197-98CA-34BD6AC66CB2}.Release|Any CPU.Build.0 = Release|Any CPU
		{48E6D73A-DD49-4042-A911-51372B10E6DE}.Debug|Any CPU.ActiveCfg = Debug|Any CPU
		{48E6D73A-DD49-4042-A911-51372B10E6DE}.Debug|Any CPU.Build.0 = Debug|Any CPU
		{48E6D73A-DD49-4042-A911-51372B10E6DE}.Release|Any CPU.ActiveCfg = Release|Any CPU
		{48E6D73A-DD49-4042-A911-51372B10E6DE}.Release|Any CPU.Build.0 = Release|Any CPU
		{F636F231-B6EC-4265-9DB2-7A709DC7FE7A}.Debug|Any CPU.ActiveCfg = Debug|Any CPU
		{F636F231-B6EC-4265-9DB2-7A709DC7FE7A}.Debug|Any CPU.Build.0 = Debug|Any CPU
		{F636F231-B6EC-4265-9DB2-7A709DC7FE7A}.Release|Any CPU.ActiveCfg = Release|Any CPU
		{F636F231-B6EC-4265-9DB2-7A709DC7FE7A}.Release|Any CPU.Build.0 = Release|Any CPU
		{5EEADCD5-056C-41B7-985A-D05BB878346E}.Debug|Any CPU.ActiveCfg = Debug|Any CPU
		{5EEADCD5-056C-41B7-985A-D05BB878346E}.Debug|Any CPU.Build.0 = Debug|Any CPU
		{5EEADCD5-056C-41B7-985A-D05BB878346E}.Release|Any CPU.ActiveCfg = Release|Any CPU
		{5EEADCD5-056C-41B7-985A-D05BB878346E}.Release|Any CPU.Build.0 = Release|Any CPU
	EndGlobalSection
	GlobalSection(SolutionProperties) = preSolution
		HideSolutionNode = FALSE
	EndGlobalSection
	GlobalSection(NestedProjects) = preSolution
		{BDB03F33-FAE1-44C6-989E-A07988B9D938} = {5540F088-60AC-468A-B6F6-BE83EA255691}
		{E231A40A-F939-4267-8907-F8EE874C1F1B} = {5540F088-60AC-468A-B6F6-BE83EA255691}
		{160E315F-34BC-47C3-9A93-DC33917A5E0F} = {CDF9F1CD-B97E-4F2C-9899-BFF51E531CF8}
		{B9B28934-A314-41B8-8676-6670B1118430} = {E2E91564-ECA3-44BE-92A0-61F0FA10D68D}
		{FBC44F6C-D6AE-47D7-8753-F613FAA597C4} = {E2E91564-ECA3-44BE-92A0-61F0FA10D68D}
		{45DB6D7F-61DD-4197-98CA-34BD6AC66CB2} = {E2E91564-ECA3-44BE-92A0-61F0FA10D68D}
		{48E6D73A-DD49-4042-A911-51372B10E6DE} = {E2E91564-ECA3-44BE-92A0-61F0FA10D68D}
		{F636F231-B6EC-4265-9DB2-7A709DC7FE7A} = {86D24A89-DB57-4674-A4BE-E59AFB02BF72}
		{5EEADCD5-056C-41B7-985A-D05BB878346E} = {241155B4-7A7F-4790-AB61-D5559F0B2966}
	EndGlobalSection
EndGlobal
